// !$*UTF8*$!
{
	archiveVersion = 1;
	classes = {
	};
	objectVersion = 48;
	objects = {

/* Begin PBXBuildFile section */
		D9463CB420636DC4009A6640 /* Protocols.swift in Sources */ = {isa = PBXBuildFile; fileRef = D9463CB320636DC4009A6640 /* Protocols.swift */; };
		D966415A20633B3500EACB48 /* MapKit.framework in Frameworks */ = {isa = PBXBuildFile; fileRef = D966415920633B3500EACB48 /* MapKit.framework */; };
		D966415C20633D3C00EACB48 /* MyPin.swift in Sources */ = {isa = PBXBuildFile; fileRef = D966415B20633D3C00EACB48 /* MyPin.swift */; };
		D966415E206342E000EACB48 /* demo-locations.json in Resources */ = {isa = PBXBuildFile; fileRef = D966415D206342E000EACB48 /* demo-locations.json */; };
		D966416020634C2200EACB48 /* FileWriter.swift in Sources */ = {isa = PBXBuildFile; fileRef = D966415F20634C2200EACB48 /* FileWriter.swift */; };
		D96641642063698200EACB48 /* SearchResultTableTableViewController.swift in Sources */ = {isa = PBXBuildFile; fileRef = D96641632063698200EACB48 /* SearchResultTableTableViewController.swift */; };
		D9F29AA62061F6E60001C6DF /* AppDelegate.swift in Sources */ = {isa = PBXBuildFile; fileRef = D9F29AA52061F6E60001C6DF /* AppDelegate.swift */; };
		D9F29AA82061F6E60001C6DF /* ViewController.swift in Sources */ = {isa = PBXBuildFile; fileRef = D9F29AA72061F6E60001C6DF /* ViewController.swift */; };
		D9F29AAB2061F6E60001C6DF /* Main.storyboard in Resources */ = {isa = PBXBuildFile; fileRef = D9F29AA92061F6E60001C6DF /* Main.storyboard */; };
		D9F29AAD2061F6E60001C6DF /* Assets.xcassets in Resources */ = {isa = PBXBuildFile; fileRef = D9F29AAC2061F6E60001C6DF /* Assets.xcassets */; };
		D9F29AB02061F6E60001C6DF /* LaunchScreen.storyboard in Resources */ = {isa = PBXBuildFile; fileRef = D9F29AAE2061F6E60001C6DF /* LaunchScreen.storyboard */; };
/* End PBXBuildFile section */

/* Begin PBXFileReference section */
		D9463CB320636DC4009A6640 /* Protocols.swift */ = {isa = PBXFileReference; lastKnownFileType = sourcecode.swift; path = Protocols.swift; sourceTree = "<group>"; };
		D966415920633B3500EACB48 /* MapKit.framework */ = {isa = PBXFileReference; lastKnownFileType = wrapper.framework; name = MapKit.framework; path = System/Library/Frameworks/MapKit.framework; sourceTree = SDKROOT; };
		D966415B20633D3C00EACB48 /* MyPin.swift */ = {isa = PBXFileReference; lastKnownFileType = sourcecode.swift; path = MyPin.swift; sourceTree = "<group>"; };
		D966415D206342E000EACB48 /* demo-locations.json */ = {isa = PBXFileReference; lastKnownFileType = text.json; path = "demo-locations.json"; sourceTree = "<group>"; };
		D966415F20634C2200EACB48 /* FileWriter.swift */ = {isa = PBXFileReference; lastKnownFileType = sourcecode.swift; path = FileWriter.swift; sourceTree = "<group>"; };
		D96641632063698200EACB48 /* SearchResultTableTableViewController.swift */ = {isa = PBXFileReference; lastKnownFileType = sourcecode.swift; path = SearchResultTableTableViewController.swift; sourceTree = "<group>"; };
		D9F29AA22061F6E50001C6DF /* ps-challenge.app */ = {isa = PBXFileReference; explicitFileType = wrapper.application; includeInIndex = 0; path = "ps-challenge.app"; sourceTree = BUILT_PRODUCTS_DIR; };
		D9F29AA52061F6E60001C6DF /* AppDelegate.swift */ = {isa = PBXFileReference; lastKnownFileType = sourcecode.swift; path = AppDelegate.swift; sourceTree = "<group>"; };
		D9F29AA72061F6E60001C6DF /* ViewController.swift */ = {isa = PBXFileReference; lastKnownFileType = sourcecode.swift; path = ViewController.swift; sourceTree = "<group>"; };
		D9F29AAA2061F6E60001C6DF /* Base */ = {isa = PBXFileReference; lastKnownFileType = file.storyboard; name = Base; path = Base.lproj/Main.storyboard; sourceTree = "<group>"; };
		D9F29AAC2061F6E60001C6DF /* Assets.xcassets */ = {isa = PBXFileReference; lastKnownFileType = folder.assetcatalog; path = Assets.xcassets; sourceTree = "<group>"; };
		D9F29AAF2061F6E60001C6DF /* Base */ = {isa = PBXFileReference; lastKnownFileType = file.storyboard; name = Base; path = Base.lproj/LaunchScreen.storyboard; sourceTree = "<group>"; };
		D9F29AB12061F6E60001C6DF /* Info.plist */ = {isa = PBXFileReference; lastKnownFileType = text.plist.xml; path = Info.plist; sourceTree = "<group>"; };
/* End PBXFileReference section */

/* Begin PBXFrameworksBuildPhase section */
		D9F29A9F2061F6E50001C6DF /* Frameworks */ = {
			isa = PBXFrameworksBuildPhase;
			buildActionMask = 2147483647;
			files = (
				D966415A20633B3500EACB48 /* MapKit.framework in Frameworks */,
			);
			runOnlyForDeploymentPostprocessing = 0;
		};
/* End PBXFrameworksBuildPhase section */

/* Begin PBXGroup section */
		D966415820633B3500EACB48 /* Frameworks */ = {
			isa = PBXGroup;
			children = (
				D966415920633B3500EACB48 /* MapKit.framework */,
			);
			name = Frameworks;
			sourceTree = "<group>";
		};
		D9F29A992061F6E50001C6DF = {
			isa = PBXGroup;
			children = (
				D966415D206342E000EACB48 /* demo-locations.json */,
				D9F29AA42061F6E50001C6DF /* ps-challenge */,
				D9F29AA32061F6E50001C6DF /* Products */,
				D966415820633B3500EACB48 /* Frameworks */,
			);
			sourceTree = "<group>";
		};
		D9F29AA32061F6E50001C6DF /* Products */ = {
			isa = PBXGroup;
			children = (
				D9F29AA22061F6E50001C6DF /* ps-challenge.app */,
			);
			name = Products;
			sourceTree = "<group>";
		};
		D9F29AA42061F6E50001C6DF /* ps-challenge */ = {
			isa = PBXGroup;
			children = (
				D9F29AA52061F6E60001C6DF /* AppDelegate.swift */,
				D9F29AA72061F6E60001C6DF /* ViewController.swift */,
				D96641632063698200EACB48 /* SearchResultTableTableViewController.swift */,
				D9463CB320636DC4009A6640 /* Protocols.swift */,
				D966415B20633D3C00EACB48 /* MyPin.swift */,
				D9F29AA92061F6E60001C6DF /* Main.storyboard */,
				D9F29AAC2061F6E60001C6DF /* Assets.xcassets */,
				D9F29AAE2061F6E60001C6DF /* LaunchScreen.storyboard */,
				D9F29AB12061F6E60001C6DF /* Info.plist */,
				D966415F20634C2200EACB48 /* FileWriter.swift */,
			);
			path = "ps-challenge";
			sourceTree = "<group>";
		};
/* End PBXGroup section */

/* Begin PBXNativeTarget section */
		D9F29AA12061F6E50001C6DF /* ps-challenge */ = {
			isa = PBXNativeTarget;
			buildConfigurationList = D9F29AB42061F6E60001C6DF /* Build configuration list for PBXNativeTarget "ps-challenge" */;
			buildPhases = (
				D9F29A9E2061F6E50001C6DF /* Sources */,
				D9F29A9F2061F6E50001C6DF /* Frameworks */,
				D9F29AA02061F6E50001C6DF /* Resources */,
			);
			buildRules = (
			);
			dependencies = (
			);
			name = "ps-challenge";
			productName = "ps-challenge";
			productReference = D9F29AA22061F6E50001C6DF /* ps-challenge.app */;
			productType = "com.apple.product-type.application";
		};
/* End PBXNativeTarget section */

/* Begin PBXProject section */
		D9F29A9A2061F6E50001C6DF /* Project object */ = {
			isa = PBXProject;
			attributes = {
				LastSwiftUpdateCheck = 0920;
				LastUpgradeCheck = 0920;
				ORGANIZATIONNAME = "Cagri Sahan";
				TargetAttributes = {
					D9F29AA12061F6E50001C6DF = {
						CreatedOnToolsVersion = 9.2;
						ProvisioningStyle = Automatic;
						SystemCapabilities = {
							com.apple.Maps.iOS = {
								enabled = 1;
							};
						};
					};
				};
			};
			buildConfigurationList = D9F29A9D2061F6E50001C6DF /* Build configuration list for PBXProject "ps-challenge" */;
			compatibilityVersion = "Xcode 8.0";
			developmentRegion = en;
			hasScannedForEncodings = 0;
			knownRegions = (
				en,
				Base,
			);
			mainGroup = D9F29A992061F6E50001C6DF;
			productRefGroup = D9F29AA32061F6E50001C6DF /* Products */;
			projectDirPath = "";
			projectRoot = "";
			targets = (
				D9F29AA12061F6E50001C6DF /* ps-challenge */,
			);
		};
/* End PBXProject section */

/* Begin PBXResourcesBuildPhase section */
		D9F29AA02061F6E50001C6DF /* Resources */ = {
			isa = PBXResourcesBuildPhase;
			buildActionMask = 2147483647;
			files = (
				D9F29AB02061F6E60001C6DF /* LaunchScreen.storyboard in Resources */,
				D966415E206342E000EACB48 /* demo-locations.json in Resources */,
				D9F29AAD2061F6E60001C6DF /* Assets.xcassets in Resources */,
				D9F29AAB2061F6E60001C6DF /* Main.storyboard in Resources */,
			);
			runOnlyForDeploymentPostprocessing = 0;
		};
/* End PBXResourcesBuildPhase section */

/* Begin PBXSourcesBuildPhase section */
		D9F29A9E2061F6E50001C6DF /* Sources */ = {
			isa = PBXSourcesBuildPhase;
			buildActionMask = 2147483647;
			files = (
				D966416020634C2200EACB48 /* FileWriter.swift in Sources */,
				D9F29AA82061F6E60001C6DF /* ViewController.swift in Sources */,
				D9F29AA62061F6E60001C6DF /* AppDelegate.swift in Sources */,
				D9463CB420636DC4009A6640 /* Protocols.swift in Sources */,
				D966415C20633D3C00EACB48 /* MyPin.swift in Sources */,
				D96641642063698200EACB48 /* SearchResultTableTableViewController.swift in Sources */,
			);
			runOnlyForDeploymentPostprocessing = 0;
		};
/* End PBXSourcesBuildPhase section */

/* Begin PBXVariantGroup section */
		D9F29AA92061F6E60001C6DF /* Main.storyboard */ = {
			isa = PBXVariantGroup;
			children = (
				D9F29AAA2061F6E60001C6DF /* Base */,
			);
			name = Main.storyboard;
			sourceTree = "<group>";
		};
		D9F29AAE2061F6E60001C6DF /* LaunchScreen.storyboard */ = {
			isa = PBXVariantGroup;
			children = (
				D9F29AAF2061F6E60001C6DF /* Base */,
			);
			name = LaunchScreen.storyboard;
			sourceTree = "<group>";
		};
/* End PBXVariantGroup section */

/* Begin XCBuildConfiguration section */
		D9F29AB22061F6E60001C6DF /* Debug */ = {
			isa = XCBuildConfiguration;
			buildSettings = {
				ALWAYS_SEARCH_USER_PATHS = NO;
				CLANG_ANALYZER_NONNULL = YES;
				CLANG_ANALYZER_NUMBER_OBJECT_CONVERSION = YES_AGGRESSIVE;
				CLANG_CXX_LANGUAGE_STANDARD = "gnu++14";
				CLANG_CXX_LIBRARY = "libc++";
				CLANG_ENABLE_MODULES = YES;
				CLANG_ENABLE_OBJC_ARC = YES;
				CLANG_WARN_BLOCK_CAPTURE_AUTORELEASING = YES;
				CLANG_WARN_BOOL_CONVERSION = YES;
				CLANG_WARN_COMMA = YES;
				CLANG_WARN_CONSTANT_CONVERSION = YES;
				CLANG_WARN_DIRECT_OBJC_ISA_USAGE = YES_ERROR;
				CLANG_WARN_DOCUMENTATION_COMMENTS = YES;
				CLANG_WARN_EMPTY_BODY = YES;
				CLANG_WARN_ENUM_CONVERSION = YES;
				CLANG_WARN_INFINITE_RECURSION = YES;
				CLANG_WARN_INT_CONVERSION = YES;
				CLANG_WARN_NON_LITERAL_NULL_CONVERSION = YES;
				CLANG_WARN_OBJC_LITERAL_CONVERSION = YES;
				CLANG_WARN_OBJC_ROOT_CLASS = YES_ERROR;
				CLANG_WARN_RANGE_LOOP_ANALYSIS = YES;
				CLANG_WARN_STRICT_PROTOTYPES = YES;
				CLANG_WARN_SUSPICIOUS_MOVE = YES;
				CLANG_WARN_UNGUARDED_AVAILABILITY = YES_AGGRESSIVE;
				CLANG_WARN_UNREACHABLE_CODE = YES;
				CLANG_WARN__DUPLICATE_METHOD_MATCH = YES;
				CODE_SIGN_IDENTITY = "iPhone Developer";
				COPY_PHASE_STRIP = NO;
				DEBUG_INFORMATION_FORMAT = dwarf;
				ENABLE_STRICT_OBJC_MSGSEND = YES;
				ENABLE_TESTABILITY = YES;
				GCC_C_LANGUAGE_STANDARD = gnu11;
				GCC_DYNAMIC_NO_PIC = NO;
				GCC_NO_COMMON_BLOCKS = YES;
				GCC_OPTIMIZATION_LEVEL = 0;
				GCC_PREPROCESSOR_DEFINITIONS = (
					"DEBUG=1",
					"$(inherited)",
				);
				GCC_WARN_64_TO_32_BIT_CONVERSION = YES;
				GCC_WARN_ABOUT_RETURN_TYPE = YES_ERROR;
				GCC_WARN_UNDECLARED_SELECTOR = YES;
				GCC_WARN_UNINITIALIZED_AUTOS = YES_AGGRESSIVE;
				GCC_WARN_UNUSED_FUNCTION = YES;
				GCC_WARN_UNUSED_VARIABLE = YES;
				IPHONEOS_DEPLOYMENT_TARGET = 11.2;
				MTL_ENABLE_DEBUG_INFO = YES;
				ONLY_ACTIVE_ARCH = YES;
				SDKROOT = iphoneos;
				SWIFT_ACTIVE_COMPILATION_CONDITIONS = DEBUG;
				SWIFT_OPTIMIZATION_LEVEL = "-Onone";
			};
			name = Debug;
		};
		D9F29AB32061F6E60001C6DF /* Release */ = {
			isa = XCBuildConfiguration;
			buildSettings = {
				ALWAYS_SEARCH_USER_PATHS = NO;
				CLANG_ANALYZER_NONNULL = YES;
				CLANG_ANALYZER_NUMBER_OBJECT_CONVERSION = YES_AGGRESSIVE;
				CLANG_CXX_LANGUAGE_STANDARD = "gnu++14";
				CLANG_CXX_LIBRARY = "libc++";
				CLANG_ENABLE_MODULES = YES;
				CLANG_ENABLE_OBJC_ARC = YES;
				CLANG_WARN_BLOCK_CAPTURE_AUTORELEASING = YES;
				CLANG_WARN_BOOL_CONVERSION = YES;
				CLANG_WARN_COMMA = YES;
				CLANG_WARN_CONSTANT_CONVERSION = YES;
				CLANG_WARN_DIRECT_OBJC_ISA_USAGE = YES_ERROR;
				CLANG_WARN_DOCUMENTATION_COMMENTS = YES;
				CLANG_WARN_EMPTY_BODY = YES;
				CLANG_WARN_ENUM_CONVERSION = YES;
				CLANG_WARN_INFINITE_RECURSION = YES;
				CLANG_WARN_INT_CONVERSION = YES;
				CLANG_WARN_NON_LITERAL_NULL_CONVERSION = YES;
				CLANG_WARN_OBJC_LITERAL_CONVERSION = YES;
				CLANG_WARN_OBJC_ROOT_CLASS = YES_ERROR;
				CLANG_WARN_RANGE_LOOP_ANALYSIS = YES;
				CLANG_WARN_STRICT_PROTOTYPES = YES;
				CLANG_WARN_SUSPICIOUS_MOVE = YES;
				CLANG_WARN_UNGUARDED_AVAILABILITY = YES_AGGRESSIVE;
				CLANG_WARN_UNREACHABLE_CODE = YES;
				CLANG_WARN__DUPLICATE_METHOD_MATCH = YES;
				CODE_SIGN_IDENTITY = "iPhone Developer";
				COPY_PHASE_STRIP = NO;
				DEBUG_INFORMATION_FORMAT = "dwarf-with-dsym";
				ENABLE_NS_ASSERTIONS = NO;
				ENABLE_STRICT_OBJC_MSGSEND = YES;
				GCC_C_LANGUAGE_STANDARD = gnu11;
				GCC_NO_COMMON_BLOCKS = YES;
				GCC_WARN_64_TO_32_BIT_CONVERSION = YES;
				GCC_WARN_ABOUT_RETURN_TYPE = YES_ERROR;
				GCC_WARN_UNDECLARED_SELECTOR = YES;
				GCC_WARN_UNINITIALIZED_AUTOS = YES_AGGRESSIVE;
				GCC_WARN_UNUSED_FUNCTION = YES;
				GCC_WARN_UNUSED_VARIABLE = YES;
				IPHONEOS_DEPLOYMENT_TARGET = 11.2;
				MTL_ENABLE_DEBUG_INFO = NO;
				SDKROOT = iphoneos;
				SWIFT_OPTIMIZATION_LEVEL = "-Owholemodule";
				VALIDATE_PRODUCT = YES;
			};
			name = Release;
		};
		D9F29AB52061F6E60001C6DF /* Debug */ = {
			isa = XCBuildConfiguration;
			buildSettings = {
				ASSETCATALOG_COMPILER_APPICON_NAME = AppIcon;
				CODE_SIGN_STYLE = Automatic;
				DEVELOPMENT_TEAM = PBLFXKK4Q9;
				INFOPLIST_FILE = "ps-challenge/Info.plist";
				LD_RUNPATH_SEARCH_PATHS = "$(inherited) @executable_path/Frameworks";
				PRODUCT_BUNDLE_IDENTIFIER = "sahano.ps-challenge";
				PRODUCT_NAME = "$(TARGET_NAME)";
				SWIFT_VERSION = 4.0;
				TARGETED_DEVICE_FAMILY = "1,2";
			};
			name = Debug;
		};
		D9F29AB62061F6E60001C6DF /* Release */ = {
			isa = XCBuildConfiguration;
			buildSettings = {
				ASSETCATALOG_COMPILER_APPICON_NAME = AppIcon;
				CODE_SIGN_STYLE = Automatic;
				DEVELOPMENT_TEAM = PBLFXKK4Q9;
				INFOPLIST_FILE = "ps-challenge/Info.plist";
				LD_RUNPATH_SEARCH_PATHS = "$(inherited) @executable_path/Frameworks";
				PRODUCT_BUNDLE_IDENTIFIER = "sahano.ps-challenge";
				PRODUCT_NAME = "$(TARGET_NAME)";
				SWIFT_VERSION = 4.0;
				TARGETED_DEVICE_FAMILY = "1,2";
			};
			name = Release;
		};
/* End XCBuildConfiguration section */

/* Begin XCConfigurationList section */
		D9F29A9D2061F6E50001C6DF /* Build configuration list for PBXProject "ps-challenge" */ = {
			isa = XCConfigurationList;
			buildConfigurations = (
				D9F29AB22061F6E60001C6DF /* Debug */,
				D9F29AB32061F6E60001C6DF /* Release */,
			);
			defaultConfigurationIsVisible = 0;
			defaultConfigurationName = Release;
		};
		D9F29AB42061F6E60001C6DF /* Build configuration list for PBXNativeTarget "ps-challenge" */ = {
			isa = XCConfigurationList;
			buildConfigurations = (
				D9F29AB52061F6E60001C6DF /* Debug */,
				D9F29AB62061F6E60001C6DF /* Release */,
			);
			defaultConfigurationIsVisible = 0;
			defaultConfigurationName = Release;
		};
/* End XCConfigurationList section */
	};
	rootObject = D9F29A9A2061F6E50001C6DF /* Project object */;
}
